
Microsoft Visual Studio Solution File, Format Version 12.00
# Visual Studio Version 16
VisualStudioVersion = 16.0.31424.327
MinimumVisualStudioVersion = 10.0.40219.1
Project("{FAE04EC0-301F-11D3-BF4B-00C04F79EFBC}") = "jenkinsDemo", "jenkinsDemo\jenkinsDemo.csproj", "{7B64E5D9-6321-4419-A404-830A42CE973A}"
EndProject
Global
	GlobalSection(SolutionConfigurationPlatforms) = preSolution
		Debug|Any CPU = Debug|Any CPU
		Release|Any CPU = Release|Any CPU
	EndGlobalSection
	GlobalSection(ProjectConfigurationPlatforms) = postSolution
		{7B64E5D9-6321-4419-A404-830A42CE973A}.Debug|Any CPU.ActiveCfg = Debug|Any CPU
		{7B64E5D9-6321-4419-A404-830A42CE973A}.Debug|Any CPU.Build.0 = Debug|Any CPU
		{7B64E5D9-6321-4419-A404-830A42CE973A}.Release|Any CPU.ActiveCfg = Release|Any CPU
		{7B64E5D9-6321-4419-A404-830A42CE973A}.Release|Any CPU.Build.0 = Release|Any CPU
	EndGlobalSection
	GlobalSection(SolutionProperties) = preSolution
		HideSolutionNode = FALSE
	EndGlobalSection
	GlobalSection(ExtensibilityGlobals) = postSolution
		SolutionGuid = {BC8486D4-82F8-4860-8D6F-1AB58E0D5A90}
	EndGlobalSection
EndGlobal
